
Microsoft Visual Studio Solution File, Format Version 12.00
# Visual Studio 2013
VisualStudioVersion = 12.0.30501.0
MinimumVisualStudioVersion = 10.0.40219.1
Project("{FAE04EC0-301F-11D3-BF4B-00C04F79EFBC}") = "PollardProject2", "PollardProject2.csproj", "{CAEF24E1-91A4-4E12-8121-1F04E0ED8EFB}"
EndProject
Global
	GlobalSection(SolutionConfigurationPlatforms) = preSolution
		Debug|Any CPU = Debug|Any CPU
		Release|Any CPU = Release|Any CPU
	EndGlobalSection
	GlobalSection(ProjectConfigurationPlatforms) = postSolution
		{CAEF24E1-91A4-4E12-8121-1F04E0ED8EFB}.Debug|Any CPU.ActiveCfg = Debug|Any CPU
		{CAEF24E1-91A4-4E12-8121-1F04E0ED8EFB}.Debug|Any CPU.Build.0 = Debug|Any CPU
		{CAEF24E1-91A4-4E12-8121-1F04E0ED8EFB}.Release|Any CPU.ActiveCfg = Release|Any CPU
		{CAEF24E1-91A4-4E12-8121-1F04E0ED8EFB}.Release|Any CPU.Build.0 = Release|Any CPU
	EndGlobalSection
	GlobalSection(SolutionProperties) = preSolution
		HideSolutionNode = FALSE
	EndGlobalSection
EndGlobal
